
Microsoft Visual Studio Solution File, Format Version 12.00
# Visual Studio Version 16
VisualStudioVersion = 16.0.32510.428
MinimumVisualStudioVersion = 10.0.40219.1
Project("{FAE04EC0-301F-11D3-BF4B-00C04F79EFBC}") = "orm3.Tests", "orm3.Tests\orm3.Tests.csproj", "{61E05C8E-B322-4032-98F1-EFFE9D41CA8B}"
EndProject
Project("{FAE04EC0-301F-11D3-BF4B-00C04F79EFBC}") = "orm3", "orm3\orm3.csproj", "{C61EBD5C-07E7-43F2-8246-2EB963F437F8}"
EndProject
Global
	GlobalSection(SolutionConfigurationPlatforms) = preSolution
		Debug|Any CPU = Debug|Any CPU
		Release|Any CPU = Release|Any CPU
	EndGlobalSection
	GlobalSection(ProjectConfigurationPlatforms) = postSolution
		{61E05C8E-B322-4032-98F1-EFFE9D41CA8B}.Debug|Any CPU.ActiveCfg = Debug|Any CPU
		{61E05C8E-B322-4032-98F1-EFFE9D41CA8B}.Debug|Any CPU.Build.0 = Debug|Any CPU
		{61E05C8E-B322-4032-98F1-EFFE9D41CA8B}.Release|Any CPU.ActiveCfg = Release|Any CPU
		{61E05C8E-B322-4032-98F1-EFFE9D41CA8B}.Release|Any CPU.Build.0 = Release|Any CPU
		{C61EBD5C-07E7-43F2-8246-2EB963F437F8}.Debug|Any CPU.ActiveCfg = Debug|Any CPU
		{C61EBD5C-07E7-43F2-8246-2EB963F437F8}.Debug|Any CPU.Build.0 = Debug|Any CPU
		{C61EBD5C-07E7-43F2-8246-2EB963F437F8}.Release|Any CPU.ActiveCfg = Release|Any CPU
		{C61EBD5C-07E7-43F2-8246-2EB963F437F8}.Release|Any CPU.Build.0 = Release|Any CPU
	EndGlobalSection
	GlobalSection(SolutionProperties) = preSolution
		HideSolutionNode = FALSE
	EndGlobalSection
	GlobalSection(ExtensibilityGlobals) = postSolution
		SolutionGuid = {DF1BA34F-3D9D-448A-B622-D738008A133E}
	EndGlobalSection
EndGlobal
