
Microsoft Visual Studio Solution File, Format Version 12.00
# Visual Studio Version 17
VisualStudioVersion = 17.3.32922.545
MinimumVisualStudioVersion = 10.0.40219.1
Project("{FAE04EC0-301F-11D3-BF4B-00C04F79EFBC}") = "UnitTestApp1", "UnitTestApp1\UnitTestApp1.csproj", "{D5DE9EB2-6003-417C-848B-2F27E728BF4B}"
EndProject
Project("{FAE04EC0-301F-11D3-BF4B-00C04F79EFBC}") = "UnitTestApp1.Tests", "UnitTestApp1.Tests\UnitTestApp1.Tests.csproj", "{7D12D803-1B89-4D6C-85B8-82B47F6506BE}"
EndProject
Global
	GlobalSection(SolutionConfigurationPlatforms) = preSolution
		Debug|Any CPU = Debug|Any CPU
		Release|Any CPU = Release|Any CPU
	EndGlobalSection
	GlobalSection(ProjectConfigurationPlatforms) = postSolution
		{D5DE9EB2-6003-417C-848B-2F27E728BF4B}.Debug|Any CPU.ActiveCfg = Debug|Any CPU
		{D5DE9EB2-6003-417C-848B-2F27E728BF4B}.Debug|Any CPU.Build.0 = Debug|Any CPU
		{D5DE9EB2-6003-417C-848B-2F27E728BF4B}.Release|Any CPU.ActiveCfg = Release|Any CPU
		{D5DE9EB2-6003-417C-848B-2F27E728BF4B}.Release|Any CPU.Build.0 = Release|Any CPU
		{7D12D803-1B89-4D6C-85B8-82B47F6506BE}.Debug|Any CPU.ActiveCfg = Debug|Any CPU
		{7D12D803-1B89-4D6C-85B8-82B47F6506BE}.Debug|Any CPU.Build.0 = Debug|Any CPU
		{7D12D803-1B89-4D6C-85B8-82B47F6506BE}.Release|Any CPU.ActiveCfg = Release|Any CPU
		{7D12D803-1B89-4D6C-85B8-82B47F6506BE}.Release|Any CPU.Build.0 = Release|Any CPU
	EndGlobalSection
	GlobalSection(SolutionProperties) = preSolution
		HideSolutionNode = FALSE
	EndGlobalSection
	GlobalSection(ExtensibilityGlobals) = postSolution
		SolutionGuid = {E23376D5-68DF-41D0-AB16-FDCEB75D8434}
	EndGlobalSection
EndGlobal
