
Microsoft Visual Studio Solution File, Format Version 12.00
# Visual Studio Version 17
VisualStudioVersion = 17.3.32901.215
MinimumVisualStudioVersion = 10.0.40219.1
Project("{FAE04EC0-301F-11D3-BF4B-00C04F79EFBC}") = "MathTaskClassLibrary", "MathTaskClassLibrary\MathTaskClassLibrary.csproj", "{ABE0F3CF-F6F0-43D5-83DB-319DB044C10E}"
EndProject
Project("{FAE04EC0-301F-11D3-BF4B-00C04F79EFBC}") = "MathTaskClassLibraryTests", "MathTaskClassLibraryTests\MathTaskClassLibraryTests.csproj", "{2751DCAC-7E72-48CB-9E28-E498B5A06005}"
EndProject
Global
	GlobalSection(SolutionConfigurationPlatforms) = preSolution
		Debug|Any CPU = Debug|Any CPU
		Release|Any CPU = Release|Any CPU
	EndGlobalSection
	GlobalSection(ProjectConfigurationPlatforms) = postSolution
		{ABE0F3CF-F6F0-43D5-83DB-319DB044C10E}.Debug|Any CPU.ActiveCfg = Debug|Any CPU
		{ABE0F3CF-F6F0-43D5-83DB-319DB044C10E}.Debug|Any CPU.Build.0 = Debug|Any CPU
		{ABE0F3CF-F6F0-43D5-83DB-319DB044C10E}.Release|Any CPU.ActiveCfg = Release|Any CPU
		{ABE0F3CF-F6F0-43D5-83DB-319DB044C10E}.Release|Any CPU.Build.0 = Release|Any CPU
		{2751DCAC-7E72-48CB-9E28-E498B5A06005}.Debug|Any CPU.ActiveCfg = Debug|Any CPU
		{2751DCAC-7E72-48CB-9E28-E498B5A06005}.Debug|Any CPU.Build.0 = Debug|Any CPU
		{2751DCAC-7E72-48CB-9E28-E498B5A06005}.Release|Any CPU.ActiveCfg = Release|Any CPU
		{2751DCAC-7E72-48CB-9E28-E498B5A06005}.Release|Any CPU.Build.0 = Release|Any CPU
	EndGlobalSection
	GlobalSection(SolutionProperties) = preSolution
		HideSolutionNode = FALSE
	EndGlobalSection
	GlobalSection(ExtensibilityGlobals) = postSolution
		SolutionGuid = {FDA40B02-D84F-4A5A-AF2D-89E2325131E4}
	EndGlobalSection
EndGlobal
